
Microsoft Visual Studio Solution File, Format Version 12.00
#
Project("{FAE04EC0-301F-11D3-BF4B-00C04F79EFBC}") = "AmiaReforged.System", "AmiaReforged.System\AmiaReforged.System.csproj", "{7B4D1F20-6865-416C-BB47-2D763B862EA5}"
EndProject
Project("{FAE04EC0-301F-11D3-BF4B-00C04F79EFBC}") = "AmiaReforged.Classes", "AmiaReforged.Classes\AmiaReforged.Classes.csproj", "{A4CA705A-F208-44F6-8A8F-56C7E284F296}"
EndProject
Project("{FAE04EC0-301F-11D3-BF4B-00C04F79EFBC}") = "AmiaReforged.Races", "AmiaReforged.Races\AmiaReforged.Races.csproj", "{F4247B27-C7D2-4470-AF0B-C46E953926D4}"
EndProject
Project("{FAE04EC0-301F-11D3-BF4B-00C04F79EFBC}") = "AmiaReforged.Core.Specs", "AmiaReforged.Core.Specs\AmiaReforged.Core.Specs.csproj", "{5D9599EA-95FC-410D-9376-5FECB0A17874}"
EndProject
Global
	GlobalSection(SolutionConfigurationPlatforms) = preSolution
		Debug|Any CPU = Debug|Any CPU
		Release|Any CPU = Release|Any CPU
	EndGlobalSection
	GlobalSection(ProjectConfigurationPlatforms) = postSolution
		{7B4D1F20-6865-416C-BB47-2D763B862EA5}.Debug|Any CPU.ActiveCfg = Debug|Any CPU
		{7B4D1F20-6865-416C-BB47-2D763B862EA5}.Debug|Any CPU.Build.0 = Debug|Any CPU
		{7B4D1F20-6865-416C-BB47-2D763B862EA5}.Release|Any CPU.ActiveCfg = Release|Any CPU
		{7B4D1F20-6865-416C-BB47-2D763B862EA5}.Release|Any CPU.Build.0 = Release|Any CPU
		{A4CA705A-F208-44F6-8A8F-56C7E284F296}.Debug|Any CPU.ActiveCfg = Debug|Any CPU
		{A4CA705A-F208-44F6-8A8F-56C7E284F296}.Debug|Any CPU.Build.0 = Debug|Any CPU
		{A4CA705A-F208-44F6-8A8F-56C7E284F296}.Release|Any CPU.ActiveCfg = Release|Any CPU
		{A4CA705A-F208-44F6-8A8F-56C7E284F296}.Release|Any CPU.Build.0 = Release|Any CPU
		{F4247B27-C7D2-4470-AF0B-C46E953926D4}.Debug|Any CPU.ActiveCfg = Debug|Any CPU
		{F4247B27-C7D2-4470-AF0B-C46E953926D4}.Debug|Any CPU.Build.0 = Debug|Any CPU
		{F4247B27-C7D2-4470-AF0B-C46E953926D4}.Release|Any CPU.ActiveCfg = Release|Any CPU
		{F4247B27-C7D2-4470-AF0B-C46E953926D4}.Release|Any CPU.Build.0 = Release|Any CPU
		{5D9599EA-95FC-410D-9376-5FECB0A17874}.Debug|Any CPU.ActiveCfg = Debug|Any CPU
		{5D9599EA-95FC-410D-9376-5FECB0A17874}.Debug|Any CPU.Build.0 = Debug|Any CPU
		{5D9599EA-95FC-410D-9376-5FECB0A17874}.Release|Any CPU.ActiveCfg = Release|Any CPU
		{5D9599EA-95FC-410D-9376-5FECB0A17874}.Release|Any CPU.Build.0 = Release|Any CPU
	EndGlobalSection
EndGlobal
