
Microsoft Visual Studio Solution File, Format Version 12.00
#
Project("{FAE04EC0-301F-11D3-BF4B-00C04F79EFBC}") = "AmiaReforged.System", "AmiaReforged.System\AmiaReforged.System.csproj", "{7B4D1F20-6865-416C-BB47-2D763B862EA5}"
EndProject
Project("{FAE04EC0-301F-11D3-BF4B-00C04F79EFBC}") = "AmiaReforged.Classes", "AmiaReforged.Classes\AmiaReforged.Classes.csproj", "{A4CA705A-F208-44F6-8A8F-56C7E284F296}"
EndProject
Project("{FAE04EC0-301F-11D3-BF4B-00C04F79EFBC}") = "AmiaReforged.Races", "AmiaReforged.Races\AmiaReforged.Races.csproj", "{F4247B27-C7D2-4470-AF0B-C46E953926D4}"
EndProject
Project("{FAE04EC0-301F-11D3-BF4B-00C04F79EFBC}") = "AmiaReforged.Core", "AmiaReforged.Core\AmiaReforged.Core.csproj", "{CD726DFB-1A76-47CF-9BA6-655EDF6F3263}"
EndProject
Project("{FAE04EC0-301F-11D3-BF4B-00C04F79EFBC}") = "AmiaReforged.DMS", "AmiaReforged.DMS\AmiaReforged.DMS.csproj", "{A8E78D1E-9E78-4093-9BD3-E0F798F94076}"
EndProject
Project("{FAE04EC0-301F-11D3-BF4B-00C04F79EFBC}") = "AmiaReforged.PluginTests", "AmiaReforged.PluginTests\AmiaReforged.PluginTests.csproj", "{6D1A8953-6B3A-41B3-B761-14C1D7BF7222}"
EndProject
Project("{FAE04EC0-301F-11D3-BF4B-00C04F79EFBC}") = "AmiaReforged.PwEngine", "AmiaReforged.PwEngine\AmiaReforged.PwEngine.csproj", "{38B1FEF4-3CC7-44EC-AFF2-2401D1942756}"
EndProject
Project("{FAE04EC0-301F-11D3-BF4B-00C04F79EFBC}") = "WorldSimulator", "WorldSimulator\WorldSimulator.csproj", "{49B7BD95-9018-4FB8-ADD4-59C1F50F5D23}"
EndProject
Global
	GlobalSection(SolutionConfigurationPlatforms) = preSolution
		Debug|Any CPU = Debug|Any CPU
		Release|Any CPU = Release|Any CPU
	EndGlobalSection
	GlobalSection(ProjectConfigurationPlatforms) = postSolution
		{7B4D1F20-6865-416C-BB47-2D763B862EA5}.Debug|Any CPU.ActiveCfg = Debug|Any CPU
		{7B4D1F20-6865-416C-BB47-2D763B862EA5}.Debug|Any CPU.Build.0 = Debug|Any CPU
		{7B4D1F20-6865-416C-BB47-2D763B862EA5}.Release|Any CPU.ActiveCfg = Release|Any CPU
		{7B4D1F20-6865-416C-BB47-2D763B862EA5}.Release|Any CPU.Build.0 = Release|Any CPU
		{A4CA705A-F208-44F6-8A8F-56C7E284F296}.Debug|Any CPU.ActiveCfg = Debug|Any CPU
		{A4CA705A-F208-44F6-8A8F-56C7E284F296}.Debug|Any CPU.Build.0 = Debug|Any CPU
		{A4CA705A-F208-44F6-8A8F-56C7E284F296}.Release|Any CPU.ActiveCfg = Release|Any CPU
		{A4CA705A-F208-44F6-8A8F-56C7E284F296}.Release|Any CPU.Build.0 = Release|Any CPU
		{F4247B27-C7D2-4470-AF0B-C46E953926D4}.Debug|Any CPU.ActiveCfg = Debug|Any CPU
		{F4247B27-C7D2-4470-AF0B-C46E953926D4}.Debug|Any CPU.Build.0 = Debug|Any CPU
		{F4247B27-C7D2-4470-AF0B-C46E953926D4}.Release|Any CPU.ActiveCfg = Release|Any CPU
		{F4247B27-C7D2-4470-AF0B-C46E953926D4}.Release|Any CPU.Build.0 = Release|Any CPU
		{CD726DFB-1A76-47CF-9BA6-655EDF6F3263}.Debug|Any CPU.ActiveCfg = Debug|Any CPU
		{CD726DFB-1A76-47CF-9BA6-655EDF6F3263}.Debug|Any CPU.Build.0 = Debug|Any CPU
		{CD726DFB-1A76-47CF-9BA6-655EDF6F3263}.Release|Any CPU.ActiveCfg = Release|Any CPU
		{CD726DFB-1A76-47CF-9BA6-655EDF6F3263}.Release|Any CPU.Build.0 = Release|Any CPU
		{A8E78D1E-9E78-4093-9BD3-E0F798F94076}.Debug|Any CPU.ActiveCfg = Debug|Any CPU
		{A8E78D1E-9E78-4093-9BD3-E0F798F94076}.Debug|Any CPU.Build.0 = Debug|Any CPU
		{A8E78D1E-9E78-4093-9BD3-E0F798F94076}.Release|Any CPU.ActiveCfg = Release|Any CPU
		{A8E78D1E-9E78-4093-9BD3-E0F798F94076}.Release|Any CPU.Build.0 = Release|Any CPU
		{6D1A8953-6B3A-41B3-B761-14C1D7BF7222}.Debug|Any CPU.ActiveCfg = Debug|Any CPU
		{6D1A8953-6B3A-41B3-B761-14C1D7BF7222}.Debug|Any CPU.Build.0 = Debug|Any CPU
		{6D1A8953-6B3A-41B3-B761-14C1D7BF7222}.Release|Any CPU.ActiveCfg = Release|Any CPU
		{6D1A8953-6B3A-41B3-B761-14C1D7BF7222}.Release|Any CPU.Build.0 = Release|Any CPU
		{38B1FEF4-3CC7-44EC-AFF2-2401D1942756}.Debug|Any CPU.ActiveCfg = Debug|Any CPU
		{38B1FEF4-3CC7-44EC-AFF2-2401D1942756}.Debug|Any CPU.Build.0 = Debug|Any CPU
		{38B1FEF4-3CC7-44EC-AFF2-2401D1942756}.Release|Any CPU.ActiveCfg = Release|Any CPU
		{38B1FEF4-3CC7-44EC-AFF2-2401D1942756}.Release|Any CPU.Build.0 = Release|Any CPU
		{49B7BD95-9018-4FB8-ADD4-59C1F50F5D23}.Debug|Any CPU.ActiveCfg = Debug|Any CPU
		{49B7BD95-9018-4FB8-ADD4-59C1F50F5D23}.Debug|Any CPU.Build.0 = Debug|Any CPU
		{49B7BD95-9018-4FB8-ADD4-59C1F50F5D23}.Release|Any CPU.ActiveCfg = Release|Any CPU
		{49B7BD95-9018-4FB8-ADD4-59C1F50F5D23}.Release|Any CPU.Build.0 = Release|Any CPU
	EndGlobalSection
EndGlobal
