
Microsoft Visual Studio Solution File, Format Version 12.00
#
Project("{FAE04EC0-301F-11D3-BF4B-00C04F79EFBC}") = "AmiaReforged.System", "AmiaReforged.System\AmiaReforged.System.csproj", "{7B4D1F20-6865-416C-BB47-2D763B862EA5}"
EndProject
Project("{FAE04EC0-301F-11D3-BF4B-00C04F79EFBC}") = "AmiaReforged.Classes", "AmiaReforged.Classes\AmiaReforged.Classes.csproj", "{A4CA705A-F208-44F6-8A8F-56C7E284F296}"
EndProject
Project("{FAE04EC0-301F-11D3-BF4B-00C04F79EFBC}") = "AmiaReforged.Races", "AmiaReforged.Races\AmiaReforged.Races.csproj", "{F4247B27-C7D2-4470-AF0B-C46E953926D4}"
EndProject
Project("{FAE04EC0-301F-11D3-BF4B-00C04F79EFBC}") = "AmiaReforged.Core", "AmiaReforged.Core\AmiaReforged.Core.csproj", "{CD726DFB-1A76-47CF-9BA6-655EDF6F3263}"
EndProject
Project("{FAE04EC0-301F-11D3-BF4B-00C04F79EFBC}") = "AmiaReforged.DMS", "AmiaReforged.DMS\AmiaReforged.DMS.csproj", "{A8E78D1E-9E78-4093-9BD3-E0F798F94076}"
EndProject
Project("{FAE04EC0-301F-11D3-BF4B-00C04F79EFBC}") = "AmiaReforged.Settlements", "AmiaReforged.Settlements\AmiaReforged.Settlements.csproj", "{8871EC4D-14D0-4F74-A6A2-2B57535FAD06}"
EndProject
Project("{FAE04EC0-301F-11D3-BF4B-00C04F79EFBC}") = "EconomyService", "EconomyService\EconomyService.csproj", "{9C392D08-89C5-45B9-B562-5CA2D47227D0}"
EndProject
Project("{FAE04EC0-301F-11D3-BF4B-00C04F79EFBC}") = "AmiaReforged.Tests", "AmiaReforged.Tests\AmiaReforged.Tests.csproj", "{9AB351F1-F67D-48D2-A904-0984BC972149}"
EndProject
Global
	GlobalSection(SolutionConfigurationPlatforms) = preSolution
		Debug|Any CPU = Debug|Any CPU
		Release|Any CPU = Release|Any CPU
	EndGlobalSection
	GlobalSection(ProjectConfigurationPlatforms) = postSolution
		{7B4D1F20-6865-416C-BB47-2D763B862EA5}.Debug|Any CPU.ActiveCfg = Debug|Any CPU
		{7B4D1F20-6865-416C-BB47-2D763B862EA5}.Debug|Any CPU.Build.0 = Debug|Any CPU
		{7B4D1F20-6865-416C-BB47-2D763B862EA5}.Release|Any CPU.ActiveCfg = Release|Any CPU
		{7B4D1F20-6865-416C-BB47-2D763B862EA5}.Release|Any CPU.Build.0 = Release|Any CPU
		{A4CA705A-F208-44F6-8A8F-56C7E284F296}.Debug|Any CPU.ActiveCfg = Debug|Any CPU
		{A4CA705A-F208-44F6-8A8F-56C7E284F296}.Debug|Any CPU.Build.0 = Debug|Any CPU
		{A4CA705A-F208-44F6-8A8F-56C7E284F296}.Release|Any CPU.ActiveCfg = Release|Any CPU
		{A4CA705A-F208-44F6-8A8F-56C7E284F296}.Release|Any CPU.Build.0 = Release|Any CPU
		{F4247B27-C7D2-4470-AF0B-C46E953926D4}.Debug|Any CPU.ActiveCfg = Debug|Any CPU
		{F4247B27-C7D2-4470-AF0B-C46E953926D4}.Debug|Any CPU.Build.0 = Debug|Any CPU
		{F4247B27-C7D2-4470-AF0B-C46E953926D4}.Release|Any CPU.ActiveCfg = Release|Any CPU
		{F4247B27-C7D2-4470-AF0B-C46E953926D4}.Release|Any CPU.Build.0 = Release|Any CPU
		{CD726DFB-1A76-47CF-9BA6-655EDF6F3263}.Debug|Any CPU.ActiveCfg = Debug|Any CPU
		{CD726DFB-1A76-47CF-9BA6-655EDF6F3263}.Debug|Any CPU.Build.0 = Debug|Any CPU
		{CD726DFB-1A76-47CF-9BA6-655EDF6F3263}.Release|Any CPU.ActiveCfg = Release|Any CPU
		{CD726DFB-1A76-47CF-9BA6-655EDF6F3263}.Release|Any CPU.Build.0 = Release|Any CPU
		{A8E78D1E-9E78-4093-9BD3-E0F798F94076}.Debug|Any CPU.ActiveCfg = Debug|Any CPU
		{A8E78D1E-9E78-4093-9BD3-E0F798F94076}.Debug|Any CPU.Build.0 = Debug|Any CPU
		{A8E78D1E-9E78-4093-9BD3-E0F798F94076}.Release|Any CPU.ActiveCfg = Release|Any CPU
		{A8E78D1E-9E78-4093-9BD3-E0F798F94076}.Release|Any CPU.Build.0 = Release|Any CPU
		{8871EC4D-14D0-4F74-A6A2-2B57535FAD06}.Debug|Any CPU.ActiveCfg = Debug|Any CPU
		{8871EC4D-14D0-4F74-A6A2-2B57535FAD06}.Debug|Any CPU.Build.0 = Debug|Any CPU
		{8871EC4D-14D0-4F74-A6A2-2B57535FAD06}.Release|Any CPU.ActiveCfg = Release|Any CPU
		{8871EC4D-14D0-4F74-A6A2-2B57535FAD06}.Release|Any CPU.Build.0 = Release|Any CPU
		{9C392D08-89C5-45B9-B562-5CA2D47227D0}.Debug|Any CPU.ActiveCfg = Debug|Any CPU
		{9C392D08-89C5-45B9-B562-5CA2D47227D0}.Debug|Any CPU.Build.0 = Debug|Any CPU
		{9C392D08-89C5-45B9-B562-5CA2D47227D0}.Release|Any CPU.ActiveCfg = Release|Any CPU
		{9C392D08-89C5-45B9-B562-5CA2D47227D0}.Release|Any CPU.Build.0 = Release|Any CPU
		{9AB351F1-F67D-48D2-A904-0984BC972149}.Debug|Any CPU.ActiveCfg = Debug|Any CPU
		{9AB351F1-F67D-48D2-A904-0984BC972149}.Debug|Any CPU.Build.0 = Debug|Any CPU
		{9AB351F1-F67D-48D2-A904-0984BC972149}.Release|Any CPU.ActiveCfg = Release|Any CPU
		{9AB351F1-F67D-48D2-A904-0984BC972149}.Release|Any CPU.Build.0 = Release|Any CPU
	EndGlobalSection
EndGlobal
